
Microsoft Visual Studio Solution File, Format Version 12.00
# Visual Studio Version 17
VisualStudioVersion = 17.0.32126.317
MinimumVisualStudioVersion = 10.0.40219.1
Project("{FAE04EC0-301F-11D3-BF4B-00C04F79EFBC}") = "BlazorServerImageRecognitionApp", "BlazorServerImageRecognitionApp\BlazorServerImageRecognitionApp.csproj", "{FAE87198-67B2-4A91-BD7F-6EF99F66BB5A}"
EndProject
Project("{FAE04EC0-301F-11D3-BF4B-00C04F79EFBC}") = "ImagePrintedTextRecognitionEngine", "ImagePrintedTextRecognitionEngine\ImagePrintedTextRecognitionEngine.csproj", "{2D171596-2932-468D-A11D-E06F99F0F047}"
EndProject
Project("{FAE04EC0-301F-11D3-BF4B-00C04F79EFBC}") = "ImagePrintedTextRecognitionShared", "ImagePrintedTextRecognitionShared\ImagePrintedTextRecognitionShared.csproj", "{C127E812-A711-403A-8B73-812B3568AE6C}"
EndProject
Global
	GlobalSection(SolutionConfigurationPlatforms) = preSolution
		Debug|Any CPU = Debug|Any CPU
		Release|Any CPU = Release|Any CPU
	EndGlobalSection
	GlobalSection(ProjectConfigurationPlatforms) = postSolution
		{FAE87198-67B2-4A91-BD7F-6EF99F66BB5A}.Debug|Any CPU.ActiveCfg = Debug|Any CPU
		{FAE87198-67B2-4A91-BD7F-6EF99F66BB5A}.Debug|Any CPU.Build.0 = Debug|Any CPU
		{FAE87198-67B2-4A91-BD7F-6EF99F66BB5A}.Release|Any CPU.ActiveCfg = Release|Any CPU
		{FAE87198-67B2-4A91-BD7F-6EF99F66BB5A}.Release|Any CPU.Build.0 = Release|Any CPU
		{2D171596-2932-468D-A11D-E06F99F0F047}.Debug|Any CPU.ActiveCfg = Debug|Any CPU
		{2D171596-2932-468D-A11D-E06F99F0F047}.Debug|Any CPU.Build.0 = Debug|Any CPU
		{2D171596-2932-468D-A11D-E06F99F0F047}.Release|Any CPU.ActiveCfg = Release|Any CPU
		{2D171596-2932-468D-A11D-E06F99F0F047}.Release|Any CPU.Build.0 = Release|Any CPU
		{C127E812-A711-403A-8B73-812B3568AE6C}.Debug|Any CPU.ActiveCfg = Debug|Any CPU
		{C127E812-A711-403A-8B73-812B3568AE6C}.Debug|Any CPU.Build.0 = Debug|Any CPU
		{C127E812-A711-403A-8B73-812B3568AE6C}.Release|Any CPU.ActiveCfg = Release|Any CPU
		{C127E812-A711-403A-8B73-812B3568AE6C}.Release|Any CPU.Build.0 = Release|Any CPU
	EndGlobalSection
	GlobalSection(SolutionProperties) = preSolution
		HideSolutionNode = FALSE
	EndGlobalSection
	GlobalSection(ExtensibilityGlobals) = postSolution
		SolutionGuid = {7AB1C18C-2524-4ADB-86B1-E5FC1E1F0DBB}
	EndGlobalSection
EndGlobal
